// !$*UTF8*$!
{
	archiveVersion = 1;
	classes = {
	};
	objectVersion = 50;
	objects = {

/* Begin PBXBuildFile section */
		0F8710495847E33A68CB4F70 /* Pods_Calculator_Snapkit.framework in Frameworks */ = {isa = PBXBuildFile; fileRef = 0E444EE94E23FDE16E31F22E /* Pods_Calculator_Snapkit.framework */; };
		CE96EE0C27748CD200876E61 /* AppDelegate.swift in Sources */ = {isa = PBXBuildFile; fileRef = CE96EE0B27748CD200876E61 /* AppDelegate.swift */; };
		CE96EE0E27748CD200876E61 /* SceneDelegate.swift in Sources */ = {isa = PBXBuildFile; fileRef = CE96EE0D27748CD200876E61 /* SceneDelegate.swift */; };
		CE96EE1027748CD200876E61 /* ViewController.swift in Sources */ = {isa = PBXBuildFile; fileRef = CE96EE0F27748CD200876E61 /* ViewController.swift */; };
		CE96EE1327748CD200876E61 /* Main.storyboard in Resources */ = {isa = PBXBuildFile; fileRef = CE96EE1127748CD200876E61 /* Main.storyboard */; };
		CE96EE1527748CD600876E61 /* Assets.xcassets in Resources */ = {isa = PBXBuildFile; fileRef = CE96EE1427748CD600876E61 /* Assets.xcassets */; };
		CE96EE1827748CD600876E61 /* LaunchScreen.storyboard in Resources */ = {isa = PBXBuildFile; fileRef = CE96EE1627748CD600876E61 /* LaunchScreen.storyboard */; };
/* End PBXBuildFile section */

/* Begin PBXFileReference section */
		0E444EE94E23FDE16E31F22E /* Pods_Calculator_Snapkit.framework */ = {isa = PBXFileReference; explicitFileType = wrapper.framework; includeInIndex = 0; path = Pods_Calculator_Snapkit.framework; sourceTree = BUILT_PRODUCTS_DIR; };
		4E7DE781F92F392E41E410A9 /* Pods-Calculator_Snapkit.release.xcconfig */ = {isa = PBXFileReference; includeInIndex = 1; lastKnownFileType = text.xcconfig; name = "Pods-Calculator_Snapkit.release.xcconfig"; path = "Target Support Files/Pods-Calculator_Snapkit/Pods-Calculator_Snapkit.release.xcconfig"; sourceTree = "<group>"; };
		513C76D014DABC9F353A0554 /* Pods-Calculator_Snapkit.debug.xcconfig */ = {isa = PBXFileReference; includeInIndex = 1; lastKnownFileType = text.xcconfig; name = "Pods-Calculator_Snapkit.debug.xcconfig"; path = "Target Support Files/Pods-Calculator_Snapkit/Pods-Calculator_Snapkit.debug.xcconfig"; sourceTree = "<group>"; };
		CE96EE0827748CD200876E61 /* Calculator_Snapkit.app */ = {isa = PBXFileReference; explicitFileType = wrapper.application; includeInIndex = 0; path = Calculator_Snapkit.app; sourceTree = BUILT_PRODUCTS_DIR; };
		CE96EE0B27748CD200876E61 /* AppDelegate.swift */ = {isa = PBXFileReference; lastKnownFileType = sourcecode.swift; path = AppDelegate.swift; sourceTree = "<group>"; };
		CE96EE0D27748CD200876E61 /* SceneDelegate.swift */ = {isa = PBXFileReference; lastKnownFileType = sourcecode.swift; path = SceneDelegate.swift; sourceTree = "<group>"; };
		CE96EE0F27748CD200876E61 /* ViewController.swift */ = {isa = PBXFileReference; lastKnownFileType = sourcecode.swift; path = ViewController.swift; sourceTree = "<group>"; };
		CE96EE1227748CD200876E61 /* Base */ = {isa = PBXFileReference; lastKnownFileType = file.storyboard; name = Base; path = Base.lproj/Main.storyboard; sourceTree = "<group>"; };
		CE96EE1427748CD600876E61 /* Assets.xcassets */ = {isa = PBXFileReference; lastKnownFileType = folder.assetcatalog; path = Assets.xcassets; sourceTree = "<group>"; };
		CE96EE1727748CD600876E61 /* Base */ = {isa = PBXFileReference; lastKnownFileType = file.storyboard; name = Base; path = Base.lproj/LaunchScreen.storyboard; sourceTree = "<group>"; };
		CE96EE1927748CD600876E61 /* Info.plist */ = {isa = PBXFileReference; lastKnownFileType = text.plist.xml; path = Info.plist; sourceTree = "<group>"; };
/* End PBXFileReference section */

/* Begin PBXFrameworksBuildPhase section */
		CE96EE0527748CD200876E61 /* Frameworks */ = {
			isa = PBXFrameworksBuildPhase;
			buildActionMask = 2147483647;
			files = (
				0F8710495847E33A68CB4F70 /* Pods_Calculator_Snapkit.framework in Frameworks */,
			);
			runOnlyForDeploymentPostprocessing = 0;
		};
/* End PBXFrameworksBuildPhase section */

/* Begin PBXGroup section */
		3AA32A3F13C4A8BBF6525682 /* Pods */ = {
			isa = PBXGroup;
			children = (
				513C76D014DABC9F353A0554 /* Pods-Calculator_Snapkit.debug.xcconfig */,
				4E7DE781F92F392E41E410A9 /* Pods-Calculator_Snapkit.release.xcconfig */,
			);
			name = Pods;
			path = Pods;
			sourceTree = "<group>";
		};
		91085D17AF1E3A06CEEE79FA /* Frameworks */ = {
			isa = PBXGroup;
			children = (
				0E444EE94E23FDE16E31F22E /* Pods_Calculator_Snapkit.framework */,
			);
			name = Frameworks;
			sourceTree = "<group>";
		};
		CE96EDFF27748CD200876E61 = {
			isa = PBXGroup;
			children = (
				CE96EE0A27748CD200876E61 /* Calculator_Snapkit */,
				CE96EE0927748CD200876E61 /* Products */,
				3AA32A3F13C4A8BBF6525682 /* Pods */,
				91085D17AF1E3A06CEEE79FA /* Frameworks */,
			);
			sourceTree = "<group>";
		};
		CE96EE0927748CD200876E61 /* Products */ = {
			isa = PBXGroup;
			children = (
				CE96EE0827748CD200876E61 /* Calculator_Snapkit.app */,
			);
			name = Products;
			sourceTree = "<group>";
		};
		CE96EE0A27748CD200876E61 /* Calculator_Snapkit */ = {
			isa = PBXGroup;
			children = (
				CE96EE0B27748CD200876E61 /* AppDelegate.swift */,
				CE96EE0D27748CD200876E61 /* SceneDelegate.swift */,
				CE96EE0F27748CD200876E61 /* ViewController.swift */,
				CE96EE1127748CD200876E61 /* Main.storyboard */,
				CE96EE1427748CD600876E61 /* Assets.xcassets */,
				CE96EE1627748CD600876E61 /* LaunchScreen.storyboard */,
				CE96EE1927748CD600876E61 /* Info.plist */,
			);
			path = Calculator_Snapkit;
			sourceTree = "<group>";
		};
/* End PBXGroup section */

/* Begin PBXNativeTarget section */
		CE96EE0727748CD200876E61 /* Calculator_Snapkit */ = {
			isa = PBXNativeTarget;
			buildConfigurationList = CE96EE1C27748CD600876E61 /* Build configuration list for PBXNativeTarget "Calculator_Snapkit" */;
			buildPhases = (
				8D6E88A70842DE6150355414 /* [CP] Check Pods Manifest.lock */,
				CE96EE0427748CD200876E61 /* Sources */,
				CE96EE0527748CD200876E61 /* Frameworks */,
				CE96EE0627748CD200876E61 /* Resources */,
				C93CAC494B6D0D74BD814A2C /* [CP] Embed Pods Frameworks */,
			);
			buildRules = (
			);
			dependencies = (
			);
			name = Calculator_Snapkit;
			productName = Calculator_Snapkit;
			productReference = CE96EE0827748CD200876E61 /* Calculator_Snapkit.app */;
			productType = "com.apple.product-type.application";
		};
/* End PBXNativeTarget section */

/* Begin PBXProject section */
		CE96EE0027748CD200876E61 /* Project object */ = {
			isa = PBXProject;
			attributes = {
				LastSwiftUpdateCheck = 1250;
				LastUpgradeCheck = 1250;
				TargetAttributes = {
					CE96EE0727748CD200876E61 = {
						CreatedOnToolsVersion = 12.5;
					};
				};
			};
			buildConfigurationList = CE96EE0327748CD200876E61 /* Build configuration list for PBXProject "Calculator_Snapkit" */;
			compatibilityVersion = "Xcode 9.3";
			developmentRegion = en;
			hasScannedForEncodings = 0;
			knownRegions = (
				en,
				Base,
			);
			mainGroup = CE96EDFF27748CD200876E61;
			productRefGroup = CE96EE0927748CD200876E61 /* Products */;
			projectDirPath = "";
			projectRoot = "";
			targets = (
				CE96EE0727748CD200876E61 /* Calculator_Snapkit */,
			);
		};
/* End PBXProject section */

/* Begin PBXResourcesBuildPhase section */
		CE96EE0627748CD200876E61 /* Resources */ = {
			isa = PBXResourcesBuildPhase;
			buildActionMask = 2147483647;
			files = (
				CE96EE1827748CD600876E61 /* LaunchScreen.storyboard in Resources */,
				CE96EE1527748CD600876E61 /* Assets.xcassets in Resources */,
				CE96EE1327748CD200876E61 /* Main.storyboard in Resources */,
			);
			runOnlyForDeploymentPostprocessing = 0;
		};
/* End PBXResourcesBuildPhase section */

/* Begin PBXShellScriptBuildPhase section */
		8D6E88A70842DE6150355414 /* [CP] Check Pods Manifest.lock */ = {
			isa = PBXShellScriptBuildPhase;
			buildActionMask = 2147483647;
			files = (
			);
			inputFileListPaths = (
			);
			inputPaths = (
				"${PODS_PODFILE_DIR_PATH}/Podfile.lock",
				"${PODS_ROOT}/Manifest.lock",
			);
			name = "[CP] Check Pods Manifest.lock";
			outputFileListPaths = (
			);
			outputPaths = (
				"$(DERIVED_FILE_DIR)/Pods-Calculator_Snapkit-checkManifestLockResult.txt",
			);
			runOnlyForDeploymentPostprocessing = 0;
			shellPath = /bin/sh;
			shellScript = "diff \"${PODS_PODFILE_DIR_PATH}/Podfile.lock\" \"${PODS_ROOT}/Manifest.lock\" > /dev/null\nif [ $? != 0 ] ; then\n    # print error to STDERR\n    echo \"error: The sandbox is not in sync with the Podfile.lock. Run 'pod install' or update your CocoaPods installation.\" >&2\n    exit 1\nfi\n# This output is used by Xcode 'outputs' to avoid re-running this script phase.\necho \"SUCCESS\" > \"${SCRIPT_OUTPUT_FILE_0}\"\n";
			showEnvVarsInLog = 0;
		};
		C93CAC494B6D0D74BD814A2C /* [CP] Embed Pods Frameworks */ = {
			isa = PBXShellScriptBuildPhase;
			buildActionMask = 2147483647;
			files = (
			);
			inputFileListPaths = (
				"${PODS_ROOT}/Target Support Files/Pods-Calculator_Snapkit/Pods-Calculator_Snapkit-frameworks-${CONFIGURATION}-input-files.xcfilelist",
			);
			name = "[CP] Embed Pods Frameworks";
			outputFileListPaths = (
				"${PODS_ROOT}/Target Support Files/Pods-Calculator_Snapkit/Pods-Calculator_Snapkit-frameworks-${CONFIGURATION}-output-files.xcfilelist",
			);
			runOnlyForDeploymentPostprocessing = 0;
			shellPath = /bin/sh;
			shellScript = "\"${PODS_ROOT}/Target Support Files/Pods-Calculator_Snapkit/Pods-Calculator_Snapkit-frameworks.sh\"\n";
			showEnvVarsInLog = 0;
		};
/* End PBXShellScriptBuildPhase section */

/* Begin PBXSourcesBuildPhase section */
		CE96EE0427748CD200876E61 /* Sources */ = {
			isa = PBXSourcesBuildPhase;
			buildActionMask = 2147483647;
			files = (
				CE96EE1027748CD200876E61 /* ViewController.swift in Sources */,
				CE96EE0C27748CD200876E61 /* AppDelegate.swift in Sources */,
				CE96EE0E27748CD200876E61 /* SceneDelegate.swift in Sources */,
			);
			runOnlyForDeploymentPostprocessing = 0;
		};
/* End PBXSourcesBuildPhase section */

/* Begin PBXVariantGroup section */
		CE96EE1127748CD200876E61 /* Main.storyboard */ = {
			isa = PBXVariantGroup;
			children = (
				CE96EE1227748CD200876E61 /* Base */,
			);
			name = Main.storyboard;
			sourceTree = "<group>";
		};
		CE96EE1627748CD600876E61 /* LaunchScreen.storyboard */ = {
			isa = PBXVariantGroup;
			children = (
				CE96EE1727748CD600876E61 /* Base */,
			);
			name = LaunchScreen.storyboard;
			sourceTree = "<group>";
		};
/* End PBXVariantGroup section */

/* Begin XCBuildConfiguration section */
		CE96EE1A27748CD600876E61 /* Debug */ = {
			isa = XCBuildConfiguration;
			buildSettings = {
				ALWAYS_SEARCH_USER_PATHS = NO;
				CLANG_ANALYZER_NONNULL = YES;
				CLANG_ANALYZER_NUMBER_OBJECT_CONVERSION = YES_AGGRESSIVE;
				CLANG_CXX_LANGUAGE_STANDARD = "gnu++14";
				CLANG_CXX_LIBRARY = "libc++";
				CLANG_ENABLE_MODULES = YES;
				CLANG_ENABLE_OBJC_ARC = YES;
				CLANG_ENABLE_OBJC_WEAK = YES;
				CLANG_WARN_BLOCK_CAPTURE_AUTORELEASING = YES;
				CLANG_WARN_BOOL_CONVERSION = YES;
				CLANG_WARN_COMMA = YES;
				CLANG_WARN_CONSTANT_CONVERSION = YES;
				CLANG_WARN_DEPRECATED_OBJC_IMPLEMENTATIONS = YES;
				CLANG_WARN_DIRECT_OBJC_ISA_USAGE = YES_ERROR;
				CLANG_WARN_DOCUMENTATION_COMMENTS = YES;
				CLANG_WARN_EMPTY_BODY = YES;
				CLANG_WARN_ENUM_CONVERSION = YES;
				CLANG_WARN_INFINITE_RECURSION = YES;
				CLANG_WARN_INT_CONVERSION = YES;
				CLANG_WARN_NON_LITERAL_NULL_CONVERSION = YES;
				CLANG_WARN_OBJC_IMPLICIT_RETAIN_SELF = YES;
				CLANG_WARN_OBJC_LITERAL_CONVERSION = YES;
				CLANG_WARN_OBJC_ROOT_CLASS = YES_ERROR;
				CLANG_WARN_QUOTED_INCLUDE_IN_FRAMEWORK_HEADER = YES;
				CLANG_WARN_RANGE_LOOP_ANALYSIS = YES;
				CLANG_WARN_STRICT_PROTOTYPES = YES;
				CLANG_WARN_SUSPICIOUS_MOVE = YES;
				CLANG_WARN_UNGUARDED_AVAILABILITY = YES_AGGRESSIVE;
				CLANG_WARN_UNREACHABLE_CODE = YES;
				CLANG_WARN__DUPLICATE_METHOD_MATCH = YES;
				COPY_PHASE_STRIP = NO;
				DEBUG_INFORMATION_FORMAT = dwarf;
				ENABLE_STRICT_OBJC_MSGSEND = YES;
				ENABLE_TESTABILITY = YES;
				GCC_C_LANGUAGE_STANDARD = gnu11;
				GCC_DYNAMIC_NO_PIC = NO;
				GCC_NO_COMMON_BLOCKS = YES;
				GCC_OPTIMIZATION_LEVEL = 0;
				GCC_PREPROCESSOR_DEFINITIONS = (
					"DEBUG=1",
					"$(inherited)",
				);
				GCC_WARN_64_TO_32_BIT_CONVERSION = YES;
				GCC_WARN_ABOUT_RETURN_TYPE = YES_ERROR;
				GCC_WARN_UNDECLARED_SELECTOR = YES;
				GCC_WARN_UNINITIALIZED_AUTOS = YES_AGGRESSIVE;
				GCC_WARN_UNUSED_FUNCTION = YES;
				GCC_WARN_UNUSED_VARIABLE = YES;
				IPHONEOS_DEPLOYMENT_TARGET = 14.5;
				MTL_ENABLE_DEBUG_INFO = INCLUDE_SOURCE;
				MTL_FAST_MATH = YES;
				ONLY_ACTIVE_ARCH = YES;
				SDKROOT = iphoneos;
				SWIFT_ACTIVE_COMPILATION_CONDITIONS = DEBUG;
				SWIFT_OPTIMIZATION_LEVEL = "-Onone";
			};
			name = Debug;
		};
		CE96EE1B27748CD600876E61 /* Release */ = {
			isa = XCBuildConfiguration;
			buildSettings = {
				ALWAYS_SEARCH_USER_PATHS = NO;
				CLANG_ANALYZER_NONNULL = YES;
				CLANG_ANALYZER_NUMBER_OBJECT_CONVERSION = YES_AGGRESSIVE;
				CLANG_CXX_LANGUAGE_STANDARD = "gnu++14";
				CLANG_CXX_LIBRARY = "libc++";
				CLANG_ENABLE_MODULES = YES;
				CLANG_ENABLE_OBJC_ARC = YES;
				CLANG_ENABLE_OBJC_WEAK = YES;
				CLANG_WARN_BLOCK_CAPTURE_AUTORELEASING = YES;
				CLANG_WARN_BOOL_CONVERSION = YES;
				CLANG_WARN_COMMA = YES;
				CLANG_WARN_CONSTANT_CONVERSION = YES;
				CLANG_WARN_DEPRECATED_OBJC_IMPLEMENTATIONS = YES;
				CLANG_WARN_DIRECT_OBJC_ISA_USAGE = YES_ERROR;
				CLANG_WARN_DOCUMENTATION_COMMENTS = YES;
				CLANG_WARN_EMPTY_BODY = YES;
				CLANG_WARN_ENUM_CONVERSION = YES;
				CLANG_WARN_INFINITE_RECURSION = YES;
				CLANG_WARN_INT_CONVERSION = YES;
				CLANG_WARN_NON_LITERAL_NULL_CONVERSION = YES;
				CLANG_WARN_OBJC_IMPLICIT_RETAIN_SELF = YES;
				CLANG_WARN_OBJC_LITERAL_CONVERSION = YES;
				CLANG_WARN_OBJC_ROOT_CLASS = YES_ERROR;
				CLANG_WARN_QUOTED_INCLUDE_IN_FRAMEWORK_HEADER = YES;
				CLANG_WARN_RANGE_LOOP_ANALYSIS = YES;
				CLANG_WARN_STRICT_PROTOTYPES = YES;
				CLANG_WARN_SUSPICIOUS_MOVE = YES;
				CLANG_WARN_UNGUARDED_AVAILABILITY = YES_AGGRESSIVE;
				CLANG_WARN_UNREACHABLE_CODE = YES;
				CLANG_WARN__DUPLICATE_METHOD_MATCH = YES;
				COPY_PHASE_STRIP = NO;
				DEBUG_INFORMATION_FORMAT = "dwarf-with-dsym";
				ENABLE_NS_ASSERTIONS = NO;
				ENABLE_STRICT_OBJC_MSGSEND = YES;
				GCC_C_LANGUAGE_STANDARD = gnu11;
				GCC_NO_COMMON_BLOCKS = YES;
				GCC_WARN_64_TO_32_BIT_CONVERSION = YES;
				GCC_WARN_ABOUT_RETURN_TYPE = YES_ERROR;
				GCC_WARN_UNDECLARED_SELECTOR = YES;
				GCC_WARN_UNINITIALIZED_AUTOS = YES_AGGRESSIVE;
				GCC_WARN_UNUSED_FUNCTION = YES;
				GCC_WARN_UNUSED_VARIABLE = YES;
				IPHONEOS_DEPLOYMENT_TARGET = 14.5;
				MTL_ENABLE_DEBUG_INFO = NO;
				MTL_FAST_MATH = YES;
				SDKROOT = iphoneos;
				SWIFT_COMPILATION_MODE = wholemodule;
				SWIFT_OPTIMIZATION_LEVEL = "-O";
				VALIDATE_PRODUCT = YES;
			};
			name = Release;
		};
		CE96EE1D27748CD600876E61 /* Debug */ = {
			isa = XCBuildConfiguration;
			baseConfigurationReference = 513C76D014DABC9F353A0554 /* Pods-Calculator_Snapkit.debug.xcconfig */;
			buildSettings = {
				ASSETCATALOG_COMPILER_APPICON_NAME = AppIcon;
				ASSETCATALOG_COMPILER_GLOBAL_ACCENT_COLOR_NAME = AccentColor;
				CODE_SIGN_STYLE = Automatic;
				INFOPLIST_FILE = Calculator_Snapkit/Info.plist;
				LD_RUNPATH_SEARCH_PATHS = (
					"$(inherited)",
					"@executable_path/Frameworks",
				);
				PRODUCT_BUNDLE_IDENTIFIER = "Ainur.Calculator-Snapkit";
				PRODUCT_NAME = "$(TARGET_NAME)";
				SWIFT_VERSION = 5.0;
				TARGETED_DEVICE_FAMILY = "1,2";
			};
			name = Debug;
		};
		CE96EE1E27748CD600876E61 /* Release */ = {
			isa = XCBuildConfiguration;
			baseConfigurationReference = 4E7DE781F92F392E41E410A9 /* Pods-Calculator_Snapkit.release.xcconfig */;
			buildSettings = {
				ASSETCATALOG_COMPILER_APPICON_NAME = AppIcon;
				ASSETCATALOG_COMPILER_GLOBAL_ACCENT_COLOR_NAME = AccentColor;
				CODE_SIGN_STYLE = Automatic;
				INFOPLIST_FILE = Calculator_Snapkit/Info.plist;
				LD_RUNPATH_SEARCH_PATHS = (
					"$(inherited)",
					"@executable_path/Frameworks",
				);
				PRODUCT_BUNDLE_IDENTIFIER = "Ainur.Calculator-Snapkit";
				PRODUCT_NAME = "$(TARGET_NAME)";
				SWIFT_VERSION = 5.0;
				TARGETED_DEVICE_FAMILY = "1,2";
			};
			name = Release;
		};
/* End XCBuildConfiguration section */

/* Begin XCConfigurationList section */
		CE96EE0327748CD200876E61 /* Build configuration list for PBXProject "Calculator_Snapkit" */ = {
			isa = XCConfigurationList;
			buildConfigurations = (
				CE96EE1A27748CD600876E61 /* Debug */,
				CE96EE1B27748CD600876E61 /* Release */,
			);
			defaultConfigurationIsVisible = 0;
			defaultConfigurationName = Release;
		};
		CE96EE1C27748CD600876E61 /* Build configuration list for PBXNativeTarget "Calculator_Snapkit" */ = {
			isa = XCConfigurationList;
			buildConfigurations = (
				CE96EE1D27748CD600876E61 /* Debug */,
				CE96EE1E27748CD600876E61 /* Release */,
			);
			defaultConfigurationIsVisible = 0;
			defaultConfigurationName = Release;
		};
/* End XCConfigurationList section */
	};
	rootObject = CE96EE0027748CD200876E61 /* Project object */;
}
